// !$*UTF8*$!
{
	archiveVersion = 1;
	classes = {
	};
	objectVersion = 46;
	objects = {

/* Begin PBXBuildFile section */
		120B1ED01EAF4ECE00019974 /* Main.storyboard in Resources */ = {isa = PBXBuildFile; fileRef = 120B1ECE1EAF4ECE00019974 /* Main.storyboard */; };
		120B1ED51EAF4ECE00019974 /* Assets.xcassets in Resources */ = {isa = PBXBuildFile; fileRef = 120B1ED41EAF4ECE00019974 /* Assets.xcassets */; };
		120B1ED81EAF4ECE00019974 /* LaunchScreen.storyboard in Resources */ = {isa = PBXBuildFile; fileRef = 120B1ED61EAF4ECE00019974 /* LaunchScreen.storyboard */; };
		120B1EE31EAF4ECE00019974 /* GourmetEgypt_SwiftTests.swift in Sources */ = {isa = PBXBuildFile; fileRef = 120B1EE21EAF4ECE00019974 /* GourmetEgypt_SwiftTests.swift */; };
		120B1EFE1EAF657B00019974 /* 1.png in Resources */ = {isa = PBXBuildFile; fileRef = 120B1EF41EAF657B00019974 /* 1.png */; };
		120B1EFF1EAF657B00019974 /* 2.png in Resources */ = {isa = PBXBuildFile; fileRef = 120B1EF51EAF657B00019974 /* 2.png */; };
		120B1F001EAF657B00019974 /* 3.png in Resources */ = {isa = PBXBuildFile; fileRef = 120B1EF61EAF657B00019974 /* 3.png */; };
		120B1F011EAF657B00019974 /* 4.png in Resources */ = {isa = PBXBuildFile; fileRef = 120B1EF71EAF657B00019974 /* 4.png */; };
		120B1F021EAF657B00019974 /* 8.png in Resources */ = {isa = PBXBuildFile; fileRef = 120B1EF81EAF657B00019974 /* 8.png */; };
		120B1F031EAF657B00019974 /* 9.png in Resources */ = {isa = PBXBuildFile; fileRef = 120B1EF91EAF657B00019974 /* 9.png */; };
		120B1F041EAF657B00019974 /* 10.png in Resources */ = {isa = PBXBuildFile; fileRef = 120B1EFA1EAF657B00019974 /* 10.png */; };
		120B1F051EAF657B00019974 /* home_filled_dark_purple.png in Resources */ = {isa = PBXBuildFile; fileRef = 120B1EFB1EAF657B00019974 /* home_filled_dark_purple.png */; };
		120B1F061EAF657B00019974 /* request_dark_purple.png in Resources */ = {isa = PBXBuildFile; fileRef = 120B1EFC1EAF657B00019974 /* request_dark_purple.png */; };
		120B1F071EAF657B00019974 /* timeline_filled_dark_purple.png in Resources */ = {isa = PBXBuildFile; fileRef = 120B1EFD1EAF657B00019974 /* timeline_filled_dark_purple.png */; };
		120B1F101EAF75BA00019974 /* AppDelegate.swift in Sources */ = {isa = PBXBuildFile; fileRef = 120B1F0F1EAF75BA00019974 /* AppDelegate.swift */; };
		1227AE241EC4376C00433D70 /* CartFooterViewCell.swift in Sources */ = {isa = PBXBuildFile; fileRef = 1227AE221EC4376C00433D70 /* CartFooterViewCell.swift */; };
		1227AE251EC4376C00433D70 /* CartFooterViewCell.xib in Resources */ = {isa = PBXBuildFile; fileRef = 1227AE231EC4376C00433D70 /* CartFooterViewCell.xib */; };
		1227AE271EC4490300433D70 /* ProductDetailModel.swift in Sources */ = {isa = PBXBuildFile; fileRef = 1227AE261EC4490300433D70 /* ProductDetailModel.swift */; };
		12569ADC1EC33E6E0060BF7B /* ProductDetailViewController.swift in Sources */ = {isa = PBXBuildFile; fileRef = 12569ADA1EC33E6E0060BF7B /* ProductDetailViewController.swift */; };
		12569ADD1EC33E6E0060BF7B /* ProductDetailViewController.xib in Resources */ = {isa = PBXBuildFile; fileRef = 12569ADB1EC33E6E0060BF7B /* ProductDetailViewController.xib */; };
		12569AE01EC35A110060BF7B /* CartTableViewCell.swift in Sources */ = {isa = PBXBuildFile; fileRef = 12569ADE1EC35A110060BF7B /* CartTableViewCell.swift */; };
		12569AE11EC35A110060BF7B /* CartTableViewCell.xib in Resources */ = {isa = PBXBuildFile; fileRef = 12569ADF1EC35A110060BF7B /* CartTableViewCell.xib */; };
		126879BE1EBB678200ECDA0F /* BannerModel.swift in Sources */ = {isa = PBXBuildFile; fileRef = 126879BD1EBB678200ECDA0F /* BannerModel.swift */; };
		126879C01EBB6B3500ECDA0F /* CategoryModel.swift in Sources */ = {isa = PBXBuildFile; fileRef = 126879BF1EBB6B3500ECDA0F /* CategoryModel.swift */; };
		12B3E94F1EC1D7210011A96D /* SubcategoriesModel.swift in Sources */ = {isa = PBXBuildFile; fileRef = 12B3E94E1EC1D7210011A96D /* SubcategoriesModel.swift */; };
		12B3E9511EC1D84B0011A96D /* ProductListModel.swift in Sources */ = {isa = PBXBuildFile; fileRef = 12B3E9501EC1D84B0011A96D /* ProductListModel.swift */; };
		12B3E95D1EC1ED4C0011A96D /* NodeTableViewCell.swift in Sources */ = {isa = PBXBuildFile; fileRef = 12B3E95A1EC1ED4C0011A96D /* NodeTableViewCell.swift */; };
		12B3E95E1EC1ED4C0011A96D /* NodeTableViewCell.xib in Resources */ = {isa = PBXBuildFile; fileRef = 12B3E95B1EC1ED4C0011A96D /* NodeTableViewCell.xib */; };
		12B3E95F1EC1ED4C0011A96D /* SHTreeViewManager.swift in Sources */ = {isa = PBXBuildFile; fileRef = 12B3E95C1EC1ED4C0011A96D /* SHTreeViewManager.swift */; };
		12B3E9671EC1F0050011A96D /* ContainerViewController.swift in Sources */ = {isa = PBXBuildFile; fileRef = 12B3E9651EC1F0050011A96D /* ContainerViewController.swift */; };
		12B3E9681EC1F0050011A96D /* HomeViewController.swift in Sources */ = {isa = PBXBuildFile; fileRef = 12B3E9661EC1F0050011A96D /* HomeViewController.swift */; };
		12B3E96A1EC1F0990011A96D /* SidePanelViewController.swift in Sources */ = {isa = PBXBuildFile; fileRef = 12B3E9691EC1F0990011A96D /* SidePanelViewController.swift */; };
		12B3E9741EC1F0D90011A96D /* CategoryViewController.swift in Sources */ = {isa = PBXBuildFile; fileRef = 12B3E96B1EC1F0D90011A96D /* CategoryViewController.swift */; };
		12B3E9751EC1F0D90011A96D /* ItemCollectionHeaderReusableView.swift in Sources */ = {isa = PBXBuildFile; fileRef = 12B3E96C1EC1F0D90011A96D /* ItemCollectionHeaderReusableView.swift */; };
		12B3E9761EC1F0D90011A96D /* ItemCollectionHeaderReusableView.xib in Resources */ = {isa = PBXBuildFile; fileRef = 12B3E96D1EC1F0D90011A96D /* ItemCollectionHeaderReusableView.xib */; };
		12B3E9771EC1F0D90011A96D /* ItemCollectionManager.swift in Sources */ = {isa = PBXBuildFile; fileRef = 12B3E96E1EC1F0D90011A96D /* ItemCollectionManager.swift */; };
		12B3E9781EC1F0D90011A96D /* ItemCollectionViewCell.swift in Sources */ = {isa = PBXBuildFile; fileRef = 12B3E96F1EC1F0D90011A96D /* ItemCollectionViewCell.swift */; };
		12B3E9791EC1F0D90011A96D /* ItemCollectionViewCell.xib in Resources */ = {isa = PBXBuildFile; fileRef = 12B3E9701EC1F0D90011A96D /* ItemCollectionViewCell.xib */; };
		12B3E97A1EC1F0D90011A96D /* SubCategoryCollectionManager.swift in Sources */ = {isa = PBXBuildFile; fileRef = 12B3E9711EC1F0D90011A96D /* SubCategoryCollectionManager.swift */; };
		12B3E97B1EC1F0D90011A96D /* SubCategoryCollectionViewCell.swift in Sources */ = {isa = PBXBuildFile; fileRef = 12B3E9721EC1F0D90011A96D /* SubCategoryCollectionViewCell.swift */; };
		12B3E97C1EC1F0D90011A96D /* SubCategoryCollectionViewCell.xib in Resources */ = {isa = PBXBuildFile; fileRef = 12B3E9731EC1F0D90011A96D /* SubCategoryCollectionViewCell.xib */; };
		12B3E9871EC1F1A90011A96D /* ItemCollectionTableViewCell.swift in Sources */ = {isa = PBXBuildFile; fileRef = 12B3E9811EC1F1A90011A96D /* ItemCollectionTableViewCell.swift */; };
		12B3E9881EC1F1A90011A96D /* ItemCollectionTableViewCell.xib in Resources */ = {isa = PBXBuildFile; fileRef = 12B3E9821EC1F1A90011A96D /* ItemCollectionTableViewCell.xib */; };
		12B3E98A1EC1F1A90011A96D /* ProductDetailsViewController.swift in Sources */ = {isa = PBXBuildFile; fileRef = 12B3E9841EC1F1A90011A96D /* ProductDetailsViewController.swift */; };
		12B3E98B1EC1F1A90011A96D /* ProductDetailTableViewCell.swift in Sources */ = {isa = PBXBuildFile; fileRef = 12B3E9851EC1F1A90011A96D /* ProductDetailTableViewCell.swift */; };
		12B3E98C1EC1F1A90011A96D /* ProductDetailTableViewCell.xib in Resources */ = {isa = PBXBuildFile; fileRef = 12B3E9861EC1F1A90011A96D /* ProductDetailTableViewCell.xib */; };
		12B3E98F1EC1F2370011A96D /* CartViewController.swift in Sources */ = {isa = PBXBuildFile; fileRef = 12B3E98D1EC1F2370011A96D /* CartViewController.swift */; };
		12B3E9901EC1F2370011A96D /* CartViewController.xib in Resources */ = {isa = PBXBuildFile; fileRef = 12B3E98E1EC1F2370011A96D /* CartViewController.xib */; };
		12B3E9921EC1F31C0011A96D /* AccountViewController.swift in Sources */ = {isa = PBXBuildFile; fileRef = 12B3E9911EC1F31C0011A96D /* AccountViewController.swift */; };
		12B3E9941EC1F4720011A96D /* CategorySectionModel.swift in Sources */ = {isa = PBXBuildFile; fileRef = 12B3E9931EC1F4720011A96D /* CategorySectionModel.swift */; };
		12B3E9961EC1F4C50011A96D /* HomeTableViewCell.swift in Sources */ = {isa = PBXBuildFile; fileRef = 12B3E9951EC1F4C50011A96D /* HomeTableViewCell.swift */; };
		12B3E9991EC1F5B00011A96D /* HomeViewController1.swift in Sources */ = {isa = PBXBuildFile; fileRef = 12B3E9971EC1F5B00011A96D /* HomeViewController1.swift */; };
		12B3E99A1EC1F5B00011A96D /* HomeViewController1.xib in Resources */ = {isa = PBXBuildFile; fileRef = 12B3E9981EC1F5B00011A96D /* HomeViewController1.xib */; };
		12B3E99D1EC1FC150011A96D /* HomeBannerCell.swift in Sources */ = {isa = PBXBuildFile; fileRef = 12B3E99B1EC1FC150011A96D /* HomeBannerCell.swift */; };
		12B3E99E1EC1FC150011A96D /* HomeBannerCell.xib in Resources */ = {isa = PBXBuildFile; fileRef = 12B3E99C1EC1FC150011A96D /* HomeBannerCell.xib */; };
		12B3E9A11EC1FF9B0011A96D /* ProductListViewController.swift in Sources */ = {isa = PBXBuildFile; fileRef = 12B3E99F1EC1FF9B0011A96D /* ProductListViewController.swift */; };
		12B3E9A21EC1FF9B0011A96D /* ProductListViewController.xib in Resources */ = {isa = PBXBuildFile; fileRef = 12B3E9A01EC1FF9B0011A96D /* ProductListViewController.xib */; };
		12B994571EBC84B7000DD3E9 /* Data.txt in Resources */ = {isa = PBXBuildFile; fileRef = 12B994561EBC84B7000DD3E9 /* Data.txt */; };
/* End PBXBuildFile section */

/* Begin PBXContainerItemProxy section */
		120B1EDF1EAF4ECE00019974 /* PBXContainerItemProxy */ = {
			isa = PBXContainerItemProxy;
			containerPortal = 120B1EBF1EAF4ECD00019974 /* Project object */;
			proxyType = 1;
			remoteGlobalIDString = 120B1EC61EAF4ECE00019974;
			remoteInfo = GourmetEgypt_Swift;
		};
/* End PBXContainerItemProxy section */

/* Begin PBXFileReference section */
		120B1EC71EAF4ECE00019974 /* GourmetEgypt_Swift.app */ = {isa = PBXFileReference; explicitFileType = wrapper.application; includeInIndex = 0; path = GourmetEgypt_Swift.app; sourceTree = BUILT_PRODUCTS_DIR; };
		120B1ECF1EAF4ECE00019974 /* Base */ = {isa = PBXFileReference; lastKnownFileType = file.storyboard; name = Base; path = Base.lproj/Main.storyboard; sourceTree = "<group>"; };
		120B1ED41EAF4ECE00019974 /* Assets.xcassets */ = {isa = PBXFileReference; lastKnownFileType = folder.assetcatalog; path = Assets.xcassets; sourceTree = "<group>"; };
		120B1ED71EAF4ECE00019974 /* Base */ = {isa = PBXFileReference; lastKnownFileType = file.storyboard; name = Base; path = Base.lproj/LaunchScreen.storyboard; sourceTree = "<group>"; };
		120B1ED91EAF4ECE00019974 /* Info.plist */ = {isa = PBXFileReference; lastKnownFileType = text.plist.xml; path = Info.plist; sourceTree = "<group>"; };
		120B1EDE1EAF4ECE00019974 /* GourmetEgypt_SwiftTests.xctest */ = {isa = PBXFileReference; explicitFileType = wrapper.cfbundle; includeInIndex = 0; path = GourmetEgypt_SwiftTests.xctest; sourceTree = BUILT_PRODUCTS_DIR; };
		120B1EE21EAF4ECE00019974 /* GourmetEgypt_SwiftTests.swift */ = {isa = PBXFileReference; lastKnownFileType = sourcecode.swift; path = GourmetEgypt_SwiftTests.swift; sourceTree = "<group>"; };
		120B1EE41EAF4ECE00019974 /* Info.plist */ = {isa = PBXFileReference; lastKnownFileType = text.plist.xml; path = Info.plist; sourceTree = "<group>"; };
		120B1EF41EAF657B00019974 /* 1.png */ = {isa = PBXFileReference; lastKnownFileType = image.png; name = 1.png; path = Resources/1.png; sourceTree = "<group>"; };
		120B1EF51EAF657B00019974 /* 2.png */ = {isa = PBXFileReference; lastKnownFileType = image.png; name = 2.png; path = Resources/2.png; sourceTree = "<group>"; };
		120B1EF61EAF657B00019974 /* 3.png */ = {isa = PBXFileReference; lastKnownFileType = image.png; name = 3.png; path = Resources/3.png; sourceTree = "<group>"; };
		120B1EF71EAF657B00019974 /* 4.png */ = {isa = PBXFileReference; lastKnownFileType = image.png; name = 4.png; path = Resources/4.png; sourceTree = "<group>"; };
		120B1EF81EAF657B00019974 /* 8.png */ = {isa = PBXFileReference; lastKnownFileType = image.png; name = 8.png; path = Resources/8.png; sourceTree = "<group>"; };
		120B1EF91EAF657B00019974 /* 9.png */ = {isa = PBXFileReference; lastKnownFileType = image.png; name = 9.png; path = Resources/9.png; sourceTree = "<group>"; };
		120B1EFA1EAF657B00019974 /* 10.png */ = {isa = PBXFileReference; lastKnownFileType = image.png; name = 10.png; path = Resources/10.png; sourceTree = "<group>"; };
		120B1EFB1EAF657B00019974 /* home_filled_dark_purple.png */ = {isa = PBXFileReference; lastKnownFileType = image.png; name = home_filled_dark_purple.png; path = Resources/home_filled_dark_purple.png; sourceTree = "<group>"; };
		120B1EFC1EAF657B00019974 /* request_dark_purple.png */ = {isa = PBXFileReference; lastKnownFileType = image.png; name = request_dark_purple.png; path = Resources/request_dark_purple.png; sourceTree = "<group>"; };
		120B1EFD1EAF657B00019974 /* timeline_filled_dark_purple.png */ = {isa = PBXFileReference; lastKnownFileType = image.png; name = timeline_filled_dark_purple.png; path = Resources/timeline_filled_dark_purple.png; sourceTree = "<group>"; };
		120B1F0F1EAF75BA00019974 /* AppDelegate.swift */ = {isa = PBXFileReference; fileEncoding = 4; lastKnownFileType = sourcecode.swift; name = AppDelegate.swift; path = "AppDelegate Files/AppDelegate.swift"; sourceTree = "<group>"; };
		1227AE221EC4376C00433D70 /* CartFooterViewCell.swift */ = {isa = PBXFileReference; fileEncoding = 4; lastKnownFileType = sourcecode.swift; path = CartFooterViewCell.swift; sourceTree = "<group>"; };
		1227AE231EC4376C00433D70 /* CartFooterViewCell.xib */ = {isa = PBXFileReference; fileEncoding = 4; lastKnownFileType = file.xib; path = CartFooterViewCell.xib; sourceTree = "<group>"; };
		1227AE261EC4490300433D70 /* ProductDetailModel.swift */ = {isa = PBXFileReference; fileEncoding = 4; lastKnownFileType = sourcecode.swift; path = ProductDetailModel.swift; sourceTree = "<group>"; };
		12569ADA1EC33E6E0060BF7B /* ProductDetailViewController.swift */ = {isa = PBXFileReference; fileEncoding = 4; lastKnownFileType = sourcecode.swift; name = ProductDetailViewController.swift; path = "View Controllers/Home Tab/Product Details/ProductDetailViewController.swift"; sourceTree = "<group>"; };
		12569ADB1EC33E6E0060BF7B /* ProductDetailViewController.xib */ = {isa = PBXFileReference; fileEncoding = 4; lastKnownFileType = file.xib; name = ProductDetailViewController.xib; path = "View Controllers/Home Tab/Product Details/ProductDetailViewController.xib"; sourceTree = "<group>"; };
		12569ADE1EC35A110060BF7B /* CartTableViewCell.swift */ = {isa = PBXFileReference; fileEncoding = 4; lastKnownFileType = sourcecode.swift; name = CartTableViewCell.swift; path = "View Controllers/Home Tab/Cart/CartTableViewCell.swift"; sourceTree = "<group>"; };
		12569ADF1EC35A110060BF7B /* CartTableViewCell.xib */ = {isa = PBXFileReference; fileEncoding = 4; lastKnownFileType = file.xib; name = CartTableViewCell.xib; path = "View Controllers/Home Tab/Cart/CartTableViewCell.xib"; sourceTree = "<group>"; };
		126879BD1EBB678200ECDA0F /* BannerModel.swift */ = {isa = PBXFileReference; fileEncoding = 4; lastKnownFileType = sourcecode.swift; name = BannerModel.swift; path = Models/BannerModel.swift; sourceTree = "<group>"; };
		126879BF1EBB6B3500ECDA0F /* CategoryModel.swift */ = {isa = PBXFileReference; fileEncoding = 4; lastKnownFileType = sourcecode.swift; name = CategoryModel.swift; path = Models/CategoryModel.swift; sourceTree = "<group>"; };
		12B3E94E1EC1D7210011A96D /* SubcategoriesModel.swift */ = {isa = PBXFileReference; fileEncoding = 4; lastKnownFileType = sourcecode.swift; name = SubcategoriesModel.swift; path = Models/SubcategoriesModel.swift; sourceTree = "<group>"; };
		12B3E9501EC1D84B0011A96D /* ProductListModel.swift */ = {isa = PBXFileReference; fileEncoding = 4; lastKnownFileType = sourcecode.swift; name = ProductListModel.swift; path = Models/ProductListModel.swift; sourceTree = "<group>"; };
		12B3E95A1EC1ED4C0011A96D /* NodeTableViewCell.swift */ = {isa = PBXFileReference; fileEncoding = 4; lastKnownFileType = sourcecode.swift; name = NodeTableViewCell.swift; path = "Third Party/Tree/NodeTableViewCell.swift"; sourceTree = "<group>"; };
		12B3E95B1EC1ED4C0011A96D /* NodeTableViewCell.xib */ = {isa = PBXFileReference; fileEncoding = 4; lastKnownFileType = file.xib; name = NodeTableViewCell.xib; path = "Third Party/Tree/NodeTableViewCell.xib"; sourceTree = "<group>"; };
		12B3E95C1EC1ED4C0011A96D /* SHTreeViewManager.swift */ = {isa = PBXFileReference; fileEncoding = 4; lastKnownFileType = sourcecode.swift; name = SHTreeViewManager.swift; path = "Third Party/Tree/SHTreeViewManager.swift"; sourceTree = "<group>"; };
		12B3E9651EC1F0050011A96D /* ContainerViewController.swift */ = {isa = PBXFileReference; fileEncoding = 4; lastKnownFileType = sourcecode.swift; name = ContainerViewController.swift; path = "View Controllers/Home Tab/Home/ContainerViewController.swift"; sourceTree = "<group>"; };
		12B3E9661EC1F0050011A96D /* HomeViewController.swift */ = {isa = PBXFileReference; fileEncoding = 4; lastKnownFileType = sourcecode.swift; name = HomeViewController.swift; path = "View Controllers/Home Tab/Home/HomeViewController.swift"; sourceTree = "<group>"; };
		12B3E9691EC1F0990011A96D /* SidePanelViewController.swift */ = {isa = PBXFileReference; fileEncoding = 4; lastKnownFileType = sourcecode.swift; name = SidePanelViewController.swift; path = "View Controllers/Home Tab/Categories/SidePanelViewController.swift"; sourceTree = "<group>"; };
		12B3E96B1EC1F0D90011A96D /* CategoryViewController.swift */ = {isa = PBXFileReference; fileEncoding = 4; lastKnownFileType = sourcecode.swift; name = CategoryViewController.swift; path = "View Controllers/Home Tab/Product List/CategoryViewController.swift"; sourceTree = "<group>"; };
		12B3E96C1EC1F0D90011A96D /* ItemCollectionHeaderReusableView.swift */ = {isa = PBXFileReference; fileEncoding = 4; lastKnownFileType = sourcecode.swift; name = ItemCollectionHeaderReusableView.swift; path = "View Controllers/Home Tab/Product List/ItemCollectionHeaderReusableView.swift"; sourceTree = "<group>"; };
		12B3E96D1EC1F0D90011A96D /* ItemCollectionHeaderReusableView.xib */ = {isa = PBXFileReference; fileEncoding = 4; lastKnownFileType = file.xib; name = ItemCollectionHeaderReusableView.xib; path = "View Controllers/Home Tab/Product List/ItemCollectionHeaderReusableView.xib"; sourceTree = "<group>"; };
		12B3E96E1EC1F0D90011A96D /* ItemCollectionManager.swift */ = {isa = PBXFileReference; fileEncoding = 4; lastKnownFileType = sourcecode.swift; name = ItemCollectionManager.swift; path = "View Controllers/Home Tab/Product List/ItemCollectionManager.swift"; sourceTree = "<group>"; };
		12B3E96F1EC1F0D90011A96D /* ItemCollectionViewCell.swift */ = {isa = PBXFileReference; fileEncoding = 4; lastKnownFileType = sourcecode.swift; name = ItemCollectionViewCell.swift; path = "View Controllers/Home Tab/Product List/ItemCollectionViewCell.swift"; sourceTree = "<group>"; };
		12B3E9701EC1F0D90011A96D /* ItemCollectionViewCell.xib */ = {isa = PBXFileReference; fileEncoding = 4; lastKnownFileType = file.xib; name = ItemCollectionViewCell.xib; path = "View Controllers/Home Tab/Product List/ItemCollectionViewCell.xib"; sourceTree = "<group>"; };
		12B3E9711EC1F0D90011A96D /* SubCategoryCollectionManager.swift */ = {isa = PBXFileReference; fileEncoding = 4; lastKnownFileType = sourcecode.swift; name = SubCategoryCollectionManager.swift; path = "View Controllers/Home Tab/Product List/SubCategoryCollectionManager.swift"; sourceTree = "<group>"; };
		12B3E9721EC1F0D90011A96D /* SubCategoryCollectionViewCell.swift */ = {isa = PBXFileReference; fileEncoding = 4; lastKnownFileType = sourcecode.swift; name = SubCategoryCollectionViewCell.swift; path = "View Controllers/Home Tab/Product List/SubCategoryCollectionViewCell.swift"; sourceTree = "<group>"; };
		12B3E9731EC1F0D90011A96D /* SubCategoryCollectionViewCell.xib */ = {isa = PBXFileReference; fileEncoding = 4; lastKnownFileType = file.xib; name = SubCategoryCollectionViewCell.xib; path = "View Controllers/Home Tab/Product List/SubCategoryCollectionViewCell.xib"; sourceTree = "<group>"; };
		12B3E9811EC1F1A90011A96D /* ItemCollectionTableViewCell.swift */ = {isa = PBXFileReference; fileEncoding = 4; lastKnownFileType = sourcecode.swift; name = ItemCollectionTableViewCell.swift; path = "View Controllers/Home Tab/Product Details/ItemCollectionTableViewCell.swift"; sourceTree = "<group>"; };
		12B3E9821EC1F1A90011A96D /* ItemCollectionTableViewCell.xib */ = {isa = PBXFileReference; fileEncoding = 4; lastKnownFileType = file.xib; name = ItemCollectionTableViewCell.xib; path = "View Controllers/Home Tab/Product Details/ItemCollectionTableViewCell.xib"; sourceTree = "<group>"; };
		12B3E9841EC1F1A90011A96D /* ProductDetailsViewController.swift */ = {isa = PBXFileReference; fileEncoding = 4; lastKnownFileType = sourcecode.swift; name = ProductDetailsViewController.swift; path = "View Controllers/Home Tab/Product Details/ProductDetailsViewController.swift"; sourceTree = "<group>"; };
		12B3E9851EC1F1A90011A96D /* ProductDetailTableViewCell.swift */ = {isa = PBXFileReference; fileEncoding = 4; lastKnownFileType = sourcecode.swift; name = ProductDetailTableViewCell.swift; path = "View Controllers/Home Tab/Product Details/ProductDetailTableViewCell.swift"; sourceTree = "<group>"; };
		12B3E9861EC1F1A90011A96D /* ProductDetailTableViewCell.xib */ = {isa = PBXFileReference; fileEncoding = 4; lastKnownFileType = file.xib; name = ProductDetailTableViewCell.xib; path = "View Controllers/Home Tab/Product Details/ProductDetailTableViewCell.xib"; sourceTree = "<group>"; };
		12B3E98D1EC1F2370011A96D /* CartViewController.swift */ = {isa = PBXFileReference; fileEncoding = 4; lastKnownFileType = sourcecode.swift; name = CartViewController.swift; path = "View Controllers/Home Tab/Cart/CartViewController.swift"; sourceTree = "<group>"; };
		12B3E98E1EC1F2370011A96D /* CartViewController.xib */ = {isa = PBXFileReference; fileEncoding = 4; lastKnownFileType = file.xib; name = CartViewController.xib; path = "View Controllers/Home Tab/Cart/CartViewController.xib"; sourceTree = "<group>"; };
		12B3E9911EC1F31C0011A96D /* AccountViewController.swift */ = {isa = PBXFileReference; fileEncoding = 4; lastKnownFileType = sourcecode.swift; name = AccountViewController.swift; path = "View Controllers/Account Tab/AccountViewController.swift"; sourceTree = "<group>"; };
		12B3E9931EC1F4720011A96D /* CategorySectionModel.swift */ = {isa = PBXFileReference; fileEncoding = 4; lastKnownFileType = sourcecode.swift; name = CategorySectionModel.swift; path = Models/CategorySectionModel.swift; sourceTree = "<group>"; };
		12B3E9951EC1F4C50011A96D /* HomeTableViewCell.swift */ = {isa = PBXFileReference; fileEncoding = 4; lastKnownFileType = sourcecode.swift; name = HomeTableViewCell.swift; path = "View/Custom Views/HomeTableViewCell.swift"; sourceTree = "<group>"; };
		12B3E9971EC1F5B00011A96D /* HomeViewController1.swift */ = {isa = PBXFileReference; fileEncoding = 4; lastKnownFileType = sourcecode.swift; name = HomeViewController1.swift; path = "View Controllers/Home Tab/Home/HomeViewController1.swift"; sourceTree = "<group>"; };
		12B3E9981EC1F5B00011A96D /* HomeViewController1.xib */ = {isa = PBXFileReference; fileEncoding = 4; lastKnownFileType = file.xib; name = HomeViewController1.xib; path = "View Controllers/Home Tab/Home/HomeViewController1.xib"; sourceTree = "<group>"; };
		12B3E99B1EC1FC150011A96D /* HomeBannerCell.swift */ = {isa = PBXFileReference; fileEncoding = 4; lastKnownFileType = sourcecode.swift; name = HomeBannerCell.swift; path = "View Controllers/Home Tab/Home/HomeBannerCell.swift"; sourceTree = "<group>"; };
		12B3E99C1EC1FC150011A96D /* HomeBannerCell.xib */ = {isa = PBXFileReference; fileEncoding = 4; lastKnownFileType = file.xib; name = HomeBannerCell.xib; path = "View Controllers/Home Tab/Home/HomeBannerCell.xib"; sourceTree = "<group>"; };
		12B3E99F1EC1FF9B0011A96D /* ProductListViewController.swift */ = {isa = PBXFileReference; fileEncoding = 4; lastKnownFileType = sourcecode.swift; name = ProductListViewController.swift; path = "View Controllers/Home Tab/Product List/ProductListViewController.swift"; sourceTree = "<group>"; };
		12B3E9A01EC1FF9B0011A96D /* ProductListViewController.xib */ = {isa = PBXFileReference; fileEncoding = 4; lastKnownFileType = file.xib; name = ProductListViewController.xib; path = "View Controllers/Home Tab/Product List/ProductListViewController.xib"; sourceTree = "<group>"; };
		12B994561EBC84B7000DD3E9 /* Data.txt */ = {isa = PBXFileReference; fileEncoding = 4; lastKnownFileType = text; name = Data.txt; path = Resources/Data.txt; sourceTree = "<group>"; };
/* End PBXFileReference section */

/* Begin PBXFrameworksBuildPhase section */
		120B1EC41EAF4ECE00019974 /* Frameworks */ = {
			isa = PBXFrameworksBuildPhase;
			buildActionMask = 2147483647;
			files = (
			);
			runOnlyForDeploymentPostprocessing = 0;
		};
		120B1EDB1EAF4ECE00019974 /* Frameworks */ = {
			isa = PBXFrameworksBuildPhase;
			buildActionMask = 2147483647;
			files = (
			);
			runOnlyForDeploymentPostprocessing = 0;
		};
/* End PBXFrameworksBuildPhase section */

/* Begin PBXGroup section */
		120B1EBE1EAF4ECD00019974 = {
			isa = PBXGroup;
			children = (
				120B1EC91EAF4ECE00019974 /* GourmetEgypt_Swift */,
				120B1EE11EAF4ECE00019974 /* GourmetEgypt_SwiftTests */,
				120B1EC81EAF4ECE00019974 /* Products */,
			);
			sourceTree = "<group>";
		};
		120B1EC81EAF4ECE00019974 /* Products */ = {
			isa = PBXGroup;
			children = (
				120B1EC71EAF4ECE00019974 /* GourmetEgypt_Swift.app */,
				120B1EDE1EAF4ECE00019974 /* GourmetEgypt_SwiftTests.xctest */,
			);
			name = Products;
			sourceTree = "<group>";
		};
		120B1EC91EAF4ECE00019974 /* GourmetEgypt_Swift */ = {
			isa = PBXGroup;
			children = (
				120B1EF11EAF52DB00019974 /* Resources */,
				120B1EF21EAF52E600019974 /* Third Party */,
				120B1EF01EAF50B800019974 /* Model */,
				120B1EED1EAF4FF200019974 /* Delegate Files */,
				120B1EEE1EAF502100019974 /* View Controllers */,
				120B1EEF1EAF503C00019974 /* View */,
				120B1ED41EAF4ECE00019974 /* Assets.xcassets */,
				120B1ED91EAF4ECE00019974 /* Info.plist */,
			);
			path = GourmetEgypt_Swift;
			sourceTree = "<group>";
		};
		120B1EE11EAF4ECE00019974 /* GourmetEgypt_SwiftTests */ = {
			isa = PBXGroup;
			children = (
				120B1EE21EAF4ECE00019974 /* GourmetEgypt_SwiftTests.swift */,
				120B1EE41EAF4ECE00019974 /* Info.plist */,
			);
			path = GourmetEgypt_SwiftTests;
			sourceTree = "<group>";
		};
		120B1EED1EAF4FF200019974 /* Delegate Files */ = {
			isa = PBXGroup;
			children = (
				120B1F0F1EAF75BA00019974 /* AppDelegate.swift */,
			);
			name = "Delegate Files";
			sourceTree = "<group>";
		};
		120B1EEE1EAF502100019974 /* View Controllers */ = {
			isa = PBXGroup;
			children = (
				120B1F251EAF7DA900019974 /* Home Tab */,
				120B1F261EAF7DE500019974 /* Offers Tab */,
				120B1F271EAF7E3800019974 /* Recipes Tab */,
				127D9F201EB0983300862CB7 /* Account Tab */,
				127D9F211EB0987900862CB7 /* More Tab */,
			);
			name = "View Controllers";
			sourceTree = "<group>";
		};
		120B1EEF1EAF503C00019974 /* View */ = {
			isa = PBXGroup;
			children = (
				120B1EF31EAF540A00019974 /* Custom View */,
				120B1ECE1EAF4ECE00019974 /* Main.storyboard */,
				120B1ED61EAF4ECE00019974 /* LaunchScreen.storyboard */,
			);
			name = View;
			sourceTree = "<group>";
		};
		120B1EF01EAF50B800019974 /* Model */ = {
			isa = PBXGroup;
			children = (
				126879BD1EBB678200ECDA0F /* BannerModel.swift */,
				126879BF1EBB6B3500ECDA0F /* CategoryModel.swift */,
				12B3E94E1EC1D7210011A96D /* SubcategoriesModel.swift */,
				12B3E9501EC1D84B0011A96D /* ProductListModel.swift */,
				12B3E9931EC1F4720011A96D /* CategorySectionModel.swift */,
				1227AE261EC4490300433D70 /* ProductDetailModel.swift */,
			);
			name = Model;
			sourceTree = "<group>";
		};
		120B1EF11EAF52DB00019974 /* Resources */ = {
			isa = PBXGroup;
			children = (
				120B1EF41EAF657B00019974 /* 1.png */,
				120B1EF51EAF657B00019974 /* 2.png */,
				120B1EF61EAF657B00019974 /* 3.png */,
				120B1EF71EAF657B00019974 /* 4.png */,
				120B1EF81EAF657B00019974 /* 8.png */,
				120B1EF91EAF657B00019974 /* 9.png */,
				120B1EFA1EAF657B00019974 /* 10.png */,
				120B1EFB1EAF657B00019974 /* home_filled_dark_purple.png */,
				120B1EFC1EAF657B00019974 /* request_dark_purple.png */,
				120B1EFD1EAF657B00019974 /* timeline_filled_dark_purple.png */,
				12B994561EBC84B7000DD3E9 /* Data.txt */,
			);
			name = Resources;
			sourceTree = "<group>";
		};
		120B1EF21EAF52E600019974 /* Third Party */ = {
			isa = PBXGroup;
			children = (
				127D9F281EB0BC6200862CB7 /* Tree */,
			);
			name = "Third Party";
			sourceTree = "<group>";
		};
		120B1EF31EAF540A00019974 /* Custom View */ = {
			isa = PBXGroup;
			children = (
				12B3E9951EC1F4C50011A96D /* HomeTableViewCell.swift */,
			);
			name = "Custom View";
			sourceTree = "<group>";
		};
		120B1F251EAF7DA900019974 /* Home Tab */ = {
			isa = PBXGroup;
			children = (
				12B3E9541EC1E5FB0011A96D /* Home */,
				12B3E9551EC1EA040011A96D /* SidePanel */,
				12B3E9571EC1EA9D0011A96D /* Product List */,
				12B3E9581EC1EAD90011A96D /* Product Details */,
				12B3E9591EC1EB940011A96D /* Cart */,
			);
			name = "Home Tab";
			sourceTree = "<group>";
		};
		120B1F261EAF7DE500019974 /* Offers Tab */ = {
			isa = PBXGroup;
			children = (
			);
			name = "Offers Tab";
			sourceTree = "<group>";
		};
		120B1F271EAF7E3800019974 /* Recipes Tab */ = {
			isa = PBXGroup;
			children = (
			);
			name = "Recipes Tab";
			sourceTree = "<group>";
		};
		127D9F201EB0983300862CB7 /* Account Tab */ = {
			isa = PBXGroup;
			children = (
				12B3E9911EC1F31C0011A96D /* AccountViewController.swift */,
			);
			name = "Account Tab";
			sourceTree = "<group>";
		};
		127D9F211EB0987900862CB7 /* More Tab */ = {
			isa = PBXGroup;
			children = (
			);
			name = "More Tab";
			sourceTree = "<group>";
		};
		127D9F281EB0BC6200862CB7 /* Tree */ = {
			isa = PBXGroup;
			children = (
				12B3E95A1EC1ED4C0011A96D /* NodeTableViewCell.swift */,
				12B3E95B1EC1ED4C0011A96D /* NodeTableViewCell.xib */,
				12B3E95C1EC1ED4C0011A96D /* SHTreeViewManager.swift */,
			);
			name = Tree;
			sourceTree = "<group>";
		};
		12B3E9541EC1E5FB0011A96D /* Home */ = {
			isa = PBXGroup;
			children = (
				12B3E9651EC1F0050011A96D /* ContainerViewController.swift */,
				12B3E9661EC1F0050011A96D /* HomeViewController.swift */,
				12B3E9971EC1F5B00011A96D /* HomeViewController1.swift */,
				12B3E9981EC1F5B00011A96D /* HomeViewController1.xib */,
				12B3E99B1EC1FC150011A96D /* HomeBannerCell.swift */,
				12B3E99C1EC1FC150011A96D /* HomeBannerCell.xib */,
			);
			name = Home;
			sourceTree = "<group>";
		};
		12B3E9551EC1EA040011A96D /* SidePanel */ = {
			isa = PBXGroup;
			children = (
				12B3E9691EC1F0990011A96D /* SidePanelViewController.swift */,
			);
			name = SidePanel;
			sourceTree = "<group>";
		};
		12B3E9571EC1EA9D0011A96D /* Product List */ = {
			isa = PBXGroup;
			children = (
				12B3E96B1EC1F0D90011A96D /* CategoryViewController.swift */,
				12B3E96C1EC1F0D90011A96D /* ItemCollectionHeaderReusableView.swift */,
				12B3E96D1EC1F0D90011A96D /* ItemCollectionHeaderReusableView.xib */,
				12B3E96E1EC1F0D90011A96D /* ItemCollectionManager.swift */,
				12B3E96F1EC1F0D90011A96D /* ItemCollectionViewCell.swift */,
				12B3E9701EC1F0D90011A96D /* ItemCollectionViewCell.xib */,
				12B3E9711EC1F0D90011A96D /* SubCategoryCollectionManager.swift */,
				12B3E9721EC1F0D90011A96D /* SubCategoryCollectionViewCell.swift */,
				12B3E9731EC1F0D90011A96D /* SubCategoryCollectionViewCell.xib */,
				12B3E99F1EC1FF9B0011A96D /* ProductListViewController.swift */,
				12B3E9A01EC1FF9B0011A96D /* ProductListViewController.xib */,
			);
			name = "Product List";
			sourceTree = "<group>";
		};
		12B3E9581EC1EAD90011A96D /* Product Details */ = {
			isa = PBXGroup;
			children = (
				12B3E9811EC1F1A90011A96D /* ItemCollectionTableViewCell.swift */,
				12B3E9841EC1F1A90011A96D /* ProductDetailsViewController.swift */,
				12B3E9851EC1F1A90011A96D /* ProductDetailTableViewCell.swift */,
				12569ADA1EC33E6E0060BF7B /* ProductDetailViewController.swift */,
				12B3E9821EC1F1A90011A96D /* ItemCollectionTableViewCell.xib */,
				12B3E9861EC1F1A90011A96D /* ProductDetailTableViewCell.xib */,
				12569ADB1EC33E6E0060BF7B /* ProductDetailViewController.xib */,
			);
			name = "Product Details";
			sourceTree = "<group>";
		};
		12B3E9591EC1EB940011A96D /* Cart */ = {
			isa = PBXGroup;
			children = (
				12B3E98D1EC1F2370011A96D /* CartViewController.swift */,
				12B3E98E1EC1F2370011A96D /* CartViewController.xib */,
				12569ADE1EC35A110060BF7B /* CartTableViewCell.swift */,
				12569ADF1EC35A110060BF7B /* CartTableViewCell.xib */,
				1227AE221EC4376C00433D70 /* CartFooterViewCell.swift */,
				1227AE231EC4376C00433D70 /* CartFooterViewCell.xib */,
			);
			name = Cart;
			sourceTree = "<group>";
		};
/* End PBXGroup section */

/* Begin PBXNativeTarget section */
		120B1EC61EAF4ECE00019974 /* GourmetEgypt_Swift */ = {
			isa = PBXNativeTarget;
			buildConfigurationList = 120B1EE71EAF4ECE00019974 /* Build configuration list for PBXNativeTarget "GourmetEgypt_Swift" */;
			buildPhases = (
				120B1EC31EAF4ECE00019974 /* Sources */,
				120B1EC41EAF4ECE00019974 /* Frameworks */,
				120B1EC51EAF4ECE00019974 /* Resources */,
			);
			buildRules = (
			);
			dependencies = (
			);
			name = GourmetEgypt_Swift;
			productName = GourmetEgypt_Swift;
			productReference = 120B1EC71EAF4ECE00019974 /* GourmetEgypt_Swift.app */;
			productType = "com.apple.product-type.application";
		};
		120B1EDD1EAF4ECE00019974 /* GourmetEgypt_SwiftTests */ = {
			isa = PBXNativeTarget;
			buildConfigurationList = 120B1EEA1EAF4ECE00019974 /* Build configuration list for PBXNativeTarget "GourmetEgypt_SwiftTests" */;
			buildPhases = (
				120B1EDA1EAF4ECE00019974 /* Sources */,
				120B1EDB1EAF4ECE00019974 /* Frameworks */,
				120B1EDC1EAF4ECE00019974 /* Resources */,
			);
			buildRules = (
			);
			dependencies = (
				120B1EE01EAF4ECE00019974 /* PBXTargetDependency */,
			);
			name = GourmetEgypt_SwiftTests;
			productName = GourmetEgypt_SwiftTests;
			productReference = 120B1EDE1EAF4ECE00019974 /* GourmetEgypt_SwiftTests.xctest */;
			productType = "com.apple.product-type.bundle.unit-test";
		};
/* End PBXNativeTarget section */

/* Begin PBXProject section */
		120B1EBF1EAF4ECD00019974 /* Project object */ = {
			isa = PBXProject;
			attributes = {
				LastSwiftUpdateCheck = 0830;
				LastUpgradeCheck = 0830;
				ORGANIZATIONNAME = "Ashutosh Mishra";
				TargetAttributes = {
					120B1EC61EAF4ECE00019974 = {
						CreatedOnToolsVersion = 8.3.1;
						DevelopmentTeam = 42X27694DW;
						ProvisioningStyle = Automatic;
					};
					120B1EDD1EAF4ECE00019974 = {
						CreatedOnToolsVersion = 8.3.1;
						DevelopmentTeam = 42X27694DW;
						ProvisioningStyle = Automatic;
						TestTargetID = 120B1EC61EAF4ECE00019974;
					};
				};
			};
			buildConfigurationList = 120B1EC21EAF4ECD00019974 /* Build configuration list for PBXProject "GourmetEgypt_Swift" */;
			compatibilityVersion = "Xcode 3.2";
			developmentRegion = English;
			hasScannedForEncodings = 0;
			knownRegions = (
				en,
				Base,
			);
			mainGroup = 120B1EBE1EAF4ECD00019974;
			productRefGroup = 120B1EC81EAF4ECE00019974 /* Products */;
			projectDirPath = "";
			projectRoot = "";
			targets = (
				120B1EC61EAF4ECE00019974 /* GourmetEgypt_Swift */,
				120B1EDD1EAF4ECE00019974 /* GourmetEgypt_SwiftTests */,
			);
		};
/* End PBXProject section */

/* Begin PBXResourcesBuildPhase section */
		120B1EC51EAF4ECE00019974 /* Resources */ = {
			isa = PBXResourcesBuildPhase;
			buildActionMask = 2147483647;
			files = (
				12B3E9881EC1F1A90011A96D /* ItemCollectionTableViewCell.xib in Resources */,
				120B1F041EAF657B00019974 /* 10.png in Resources */,
				120B1F021EAF657B00019974 /* 8.png in Resources */,
				12B3E9A21EC1FF9B0011A96D /* ProductListViewController.xib in Resources */,
				12569ADD1EC33E6E0060BF7B /* ProductDetailViewController.xib in Resources */,
				120B1ED81EAF4ECE00019974 /* LaunchScreen.storyboard in Resources */,
				120B1F061EAF657B00019974 /* request_dark_purple.png in Resources */,
				120B1F011EAF657B00019974 /* 4.png in Resources */,
				1227AE251EC4376C00433D70 /* CartFooterViewCell.xib in Resources */,
				120B1F031EAF657B00019974 /* 9.png in Resources */,
				12B3E9761EC1F0D90011A96D /* ItemCollectionHeaderReusableView.xib in Resources */,
				120B1F051EAF657B00019974 /* home_filled_dark_purple.png in Resources */,
				12B3E97C1EC1F0D90011A96D /* SubCategoryCollectionViewCell.xib in Resources */,
				120B1EFE1EAF657B00019974 /* 1.png in Resources */,
				12B3E99A1EC1F5B00011A96D /* HomeViewController1.xib in Resources */,
				12B3E99E1EC1FC150011A96D /* HomeBannerCell.xib in Resources */,
				120B1F071EAF657B00019974 /* timeline_filled_dark_purple.png in Resources */,
				12B3E98C1EC1F1A90011A96D /* ProductDetailTableViewCell.xib in Resources */,
				120B1EFF1EAF657B00019974 /* 2.png in Resources */,
				12B3E9901EC1F2370011A96D /* CartViewController.xib in Resources */,
				12B994571EBC84B7000DD3E9 /* Data.txt in Resources */,
				120B1F001EAF657B00019974 /* 3.png in Resources */,
				12569AE11EC35A110060BF7B /* CartTableViewCell.xib in Resources */,
				120B1ED51EAF4ECE00019974 /* Assets.xcassets in Resources */,
				12B3E9791EC1F0D90011A96D /* ItemCollectionViewCell.xib in Resources */,
				12B3E95E1EC1ED4C0011A96D /* NodeTableViewCell.xib in Resources */,
				120B1ED01EAF4ECE00019974 /* Main.storyboard in Resources */,
			);
			runOnlyForDeploymentPostprocessing = 0;
		};
		120B1EDC1EAF4ECE00019974 /* Resources */ = {
			isa = PBXResourcesBuildPhase;
			buildActionMask = 2147483647;
			files = (
			);
			runOnlyForDeploymentPostprocessing = 0;
		};
/* End PBXResourcesBuildPhase section */

/* Begin PBXSourcesBuildPhase section */
		120B1EC31EAF4ECE00019974 /* Sources */ = {
			isa = PBXSourcesBuildPhase;
			buildActionMask = 2147483647;
			files = (
				12B3E9681EC1F0050011A96D /* HomeViewController.swift in Sources */,
				12B3E98B1EC1F1A90011A96D /* ProductDetailTableViewCell.swift in Sources */,
				120B1F101EAF75BA00019974 /* AppDelegate.swift in Sources */,
				12B3E9511EC1D84B0011A96D /* ProductListModel.swift in Sources */,
				12B3E99D1EC1FC150011A96D /* HomeBannerCell.swift in Sources */,
				12B3E95D1EC1ED4C0011A96D /* NodeTableViewCell.swift in Sources */,
				12B3E9771EC1F0D90011A96D /* ItemCollectionManager.swift in Sources */,
				1227AE241EC4376C00433D70 /* CartFooterViewCell.swift in Sources */,
				12569AE01EC35A110060BF7B /* CartTableViewCell.swift in Sources */,
				12B3E9961EC1F4C50011A96D /* HomeTableViewCell.swift in Sources */,
				12B3E97B1EC1F0D90011A96D /* SubCategoryCollectionViewCell.swift in Sources */,
				12B3E9781EC1F0D90011A96D /* ItemCollectionViewCell.swift in Sources */,
				126879BE1EBB678200ECDA0F /* BannerModel.swift in Sources */,
				12569ADC1EC33E6E0060BF7B /* ProductDetailViewController.swift in Sources */,
				12B3E9671EC1F0050011A96D /* ContainerViewController.swift in Sources */,
				12B3E94F1EC1D7210011A96D /* SubcategoriesModel.swift in Sources */,
				12B3E97A1EC1F0D90011A96D /* SubCategoryCollectionManager.swift in Sources */,
				12B3E9A11EC1FF9B0011A96D /* ProductListViewController.swift in Sources */,
				12B3E9991EC1F5B00011A96D /* HomeViewController1.swift in Sources */,
				12B3E98F1EC1F2370011A96D /* CartViewController.swift in Sources */,
				1227AE271EC4490300433D70 /* ProductDetailModel.swift in Sources */,
				12B3E9941EC1F4720011A96D /* CategorySectionModel.swift in Sources */,
				12B3E98A1EC1F1A90011A96D /* ProductDetailsViewController.swift in Sources */,
				126879C01EBB6B3500ECDA0F /* CategoryModel.swift in Sources */,
				12B3E9921EC1F31C0011A96D /* AccountViewController.swift in Sources */,
				12B3E9871EC1F1A90011A96D /* ItemCollectionTableViewCell.swift in Sources */,
				12B3E95F1EC1ED4C0011A96D /* SHTreeViewManager.swift in Sources */,
				12B3E9751EC1F0D90011A96D /* ItemCollectionHeaderReusableView.swift in Sources */,
				12B3E9741EC1F0D90011A96D /* CategoryViewController.swift in Sources */,
				12B3E96A1EC1F0990011A96D /* SidePanelViewController.swift in Sources */,
			);
			runOnlyForDeploymentPostprocessing = 0;
		};
		120B1EDA1EAF4ECE00019974 /* Sources */ = {
			isa = PBXSourcesBuildPhase;
			buildActionMask = 2147483647;
			files = (
				120B1EE31EAF4ECE00019974 /* GourmetEgypt_SwiftTests.swift in Sources */,
			);
			runOnlyForDeploymentPostprocessing = 0;
		};
/* End PBXSourcesBuildPhase section */

/* Begin PBXTargetDependency section */
		120B1EE01EAF4ECE00019974 /* PBXTargetDependency */ = {
			isa = PBXTargetDependency;
			target = 120B1EC61EAF4ECE00019974 /* GourmetEgypt_Swift */;
			targetProxy = 120B1EDF1EAF4ECE00019974 /* PBXContainerItemProxy */;
		};
/* End PBXTargetDependency section */

/* Begin PBXVariantGroup section */
		120B1ECE1EAF4ECE00019974 /* Main.storyboard */ = {
			isa = PBXVariantGroup;
			children = (
				120B1ECF1EAF4ECE00019974 /* Base */,
			);
			name = Main.storyboard;
			sourceTree = "<group>";
		};
		120B1ED61EAF4ECE00019974 /* LaunchScreen.storyboard */ = {
			isa = PBXVariantGroup;
			children = (
				120B1ED71EAF4ECE00019974 /* Base */,
			);
			name = LaunchScreen.storyboard;
			sourceTree = "<group>";
		};
/* End PBXVariantGroup section */

/* Begin XCBuildConfiguration section */
		120B1EE51EAF4ECE00019974 /* Debug */ = {
			isa = XCBuildConfiguration;
			buildSettings = {
				ALWAYS_SEARCH_USER_PATHS = NO;
				CLANG_ANALYZER_NONNULL = YES;
				CLANG_ANALYZER_NUMBER_OBJECT_CONVERSION = YES_AGGRESSIVE;
				CLANG_CXX_LANGUAGE_STANDARD = "gnu++0x";
				CLANG_CXX_LIBRARY = "libc++";
				CLANG_ENABLE_MODULES = YES;
				CLANG_ENABLE_OBJC_ARC = YES;
				CLANG_WARN_BOOL_CONVERSION = YES;
				CLANG_WARN_CONSTANT_CONVERSION = YES;
				CLANG_WARN_DIRECT_OBJC_ISA_USAGE = YES_ERROR;
				CLANG_WARN_DOCUMENTATION_COMMENTS = YES;
				CLANG_WARN_EMPTY_BODY = YES;
				CLANG_WARN_ENUM_CONVERSION = YES;
				CLANG_WARN_INFINITE_RECURSION = YES;
				CLANG_WARN_INT_CONVERSION = YES;
				CLANG_WARN_OBJC_ROOT_CLASS = YES_ERROR;
				CLANG_WARN_SUSPICIOUS_MOVE = YES;
				CLANG_WARN_UNREACHABLE_CODE = YES;
				CLANG_WARN__DUPLICATE_METHOD_MATCH = YES;
				"CODE_SIGN_IDENTITY[sdk=iphoneos*]" = "iPhone Developer";
				COPY_PHASE_STRIP = NO;
				DEBUG_INFORMATION_FORMAT = dwarf;
				ENABLE_STRICT_OBJC_MSGSEND = YES;
				ENABLE_TESTABILITY = YES;
				GCC_C_LANGUAGE_STANDARD = gnu99;
				GCC_DYNAMIC_NO_PIC = NO;
				GCC_NO_COMMON_BLOCKS = YES;
				GCC_OPTIMIZATION_LEVEL = 0;
				GCC_PREPROCESSOR_DEFINITIONS = (
					"DEBUG=1",
					"$(inherited)",
				);
				GCC_WARN_64_TO_32_BIT_CONVERSION = YES;
				GCC_WARN_ABOUT_RETURN_TYPE = YES_ERROR;
				GCC_WARN_UNDECLARED_SELECTOR = YES;
				GCC_WARN_UNINITIALIZED_AUTOS = YES_AGGRESSIVE;
				GCC_WARN_UNUSED_FUNCTION = YES;
				GCC_WARN_UNUSED_VARIABLE = YES;
				IPHONEOS_DEPLOYMENT_TARGET = 8.0;
				MTL_ENABLE_DEBUG_INFO = YES;
				ONLY_ACTIVE_ARCH = YES;
				SDKROOT = iphoneos;
				SWIFT_ACTIVE_COMPILATION_CONDITIONS = DEBUG;
				SWIFT_OPTIMIZATION_LEVEL = "-Onone";
			};
			name = Debug;
		};
		120B1EE61EAF4ECE00019974 /* Release */ = {
			isa = XCBuildConfiguration;
			buildSettings = {
				ALWAYS_SEARCH_USER_PATHS = NO;
				CLANG_ANALYZER_NONNULL = YES;
				CLANG_ANALYZER_NUMBER_OBJECT_CONVERSION = YES_AGGRESSIVE;
				CLANG_CXX_LANGUAGE_STANDARD = "gnu++0x";
				CLANG_CXX_LIBRARY = "libc++";
				CLANG_ENABLE_MODULES = YES;
				CLANG_ENABLE_OBJC_ARC = YES;
				CLANG_WARN_BOOL_CONVERSION = YES;
				CLANG_WARN_CONSTANT_CONVERSION = YES;
				CLANG_WARN_DIRECT_OBJC_ISA_USAGE = YES_ERROR;
				CLANG_WARN_DOCUMENTATION_COMMENTS = YES;
				CLANG_WARN_EMPTY_BODY = YES;
				CLANG_WARN_ENUM_CONVERSION = YES;
				CLANG_WARN_INFINITE_RECURSION = YES;
				CLANG_WARN_INT_CONVERSION = YES;
				CLANG_WARN_OBJC_ROOT_CLASS = YES_ERROR;
				CLANG_WARN_SUSPICIOUS_MOVE = YES;
				CLANG_WARN_UNREACHABLE_CODE = YES;
				CLANG_WARN__DUPLICATE_METHOD_MATCH = YES;
				"CODE_SIGN_IDENTITY[sdk=iphoneos*]" = "iPhone Developer";
				COPY_PHASE_STRIP = NO;
				DEBUG_INFORMATION_FORMAT = "dwarf-with-dsym";
				ENABLE_NS_ASSERTIONS = NO;
				ENABLE_STRICT_OBJC_MSGSEND = YES;
				GCC_C_LANGUAGE_STANDARD = gnu99;
				GCC_NO_COMMON_BLOCKS = YES;
				GCC_WARN_64_TO_32_BIT_CONVERSION = YES;
				GCC_WARN_ABOUT_RETURN_TYPE = YES_ERROR;
				GCC_WARN_UNDECLARED_SELECTOR = YES;
				GCC_WARN_UNINITIALIZED_AUTOS = YES_AGGRESSIVE;
				GCC_WARN_UNUSED_FUNCTION = YES;
				GCC_WARN_UNUSED_VARIABLE = YES;
				IPHONEOS_DEPLOYMENT_TARGET = 8.0;
				MTL_ENABLE_DEBUG_INFO = NO;
				SDKROOT = iphoneos;
				SWIFT_OPTIMIZATION_LEVEL = "-Owholemodule";
				VALIDATE_PRODUCT = YES;
			};
			name = Release;
		};
		120B1EE81EAF4ECE00019974 /* Debug */ = {
			isa = XCBuildConfiguration;
			buildSettings = {
				ASSETCATALOG_COMPILER_APPICON_NAME = AppIcon;
				DEVELOPMENT_TEAM = 42X27694DW;
				INFOPLIST_FILE = GourmetEgypt_Swift/Info.plist;
				IPHONEOS_DEPLOYMENT_TARGET = 8.0;
				LD_RUNPATH_SEARCH_PATHS = "$(inherited) @executable_path/Frameworks";
				PRODUCT_BUNDLE_IDENTIFIER = "com.bravvura.com.GourmetEgypt-Swift";
				PRODUCT_NAME = "$(TARGET_NAME)";
				SWIFT_VERSION = 3.0;
			};
			name = Debug;
		};
		120B1EE91EAF4ECE00019974 /* Release */ = {
			isa = XCBuildConfiguration;
			buildSettings = {
				ASSETCATALOG_COMPILER_APPICON_NAME = AppIcon;
				DEVELOPMENT_TEAM = 42X27694DW;
				INFOPLIST_FILE = GourmetEgypt_Swift/Info.plist;
				IPHONEOS_DEPLOYMENT_TARGET = 8.0;
				LD_RUNPATH_SEARCH_PATHS = "$(inherited) @executable_path/Frameworks";
				PRODUCT_BUNDLE_IDENTIFIER = "com.bravvura.com.GourmetEgypt-Swift";
				PRODUCT_NAME = "$(TARGET_NAME)";
				SWIFT_VERSION = 3.0;
			};
			name = Release;
		};
		120B1EEB1EAF4ECE00019974 /* Debug */ = {
			isa = XCBuildConfiguration;
			buildSettings = {
				ALWAYS_EMBED_SWIFT_STANDARD_LIBRARIES = YES;
				BUNDLE_LOADER = "$(TEST_HOST)";
				DEVELOPMENT_TEAM = 42X27694DW;
				INFOPLIST_FILE = GourmetEgypt_SwiftTests/Info.plist;
				LD_RUNPATH_SEARCH_PATHS = "$(inherited) @executable_path/Frameworks @loader_path/Frameworks";
				PRODUCT_BUNDLE_IDENTIFIER = "com.bravvura.com.GourmetEgypt-SwiftTests";
				PRODUCT_NAME = "$(TARGET_NAME)";
				SWIFT_VERSION = 3.0;
				TEST_HOST = "$(BUILT_PRODUCTS_DIR)/GourmetEgypt_Swift.app/GourmetEgypt_Swift";
			};
			name = Debug;
		};
		120B1EEC1EAF4ECE00019974 /* Release */ = {
			isa = XCBuildConfiguration;
			buildSettings = {
				ALWAYS_EMBED_SWIFT_STANDARD_LIBRARIES = YES;
				BUNDLE_LOADER = "$(TEST_HOST)";
				DEVELOPMENT_TEAM = 42X27694DW;
				INFOPLIST_FILE = GourmetEgypt_SwiftTests/Info.plist;
				LD_RUNPATH_SEARCH_PATHS = "$(inherited) @executable_path/Frameworks @loader_path/Frameworks";
				PRODUCT_BUNDLE_IDENTIFIER = "com.bravvura.com.GourmetEgypt-SwiftTests";
				PRODUCT_NAME = "$(TARGET_NAME)";
				SWIFT_VERSION = 3.0;
				TEST_HOST = "$(BUILT_PRODUCTS_DIR)/GourmetEgypt_Swift.app/GourmetEgypt_Swift";
			};
			name = Release;
		};
/* End XCBuildConfiguration section */

/* Begin XCConfigurationList section */
		120B1EC21EAF4ECD00019974 /* Build configuration list for PBXProject "GourmetEgypt_Swift" */ = {
			isa = XCConfigurationList;
			buildConfigurations = (
				120B1EE51EAF4ECE00019974 /* Debug */,
				120B1EE61EAF4ECE00019974 /* Release */,
			);
			defaultConfigurationIsVisible = 0;
			defaultConfigurationName = Release;
		};
		120B1EE71EAF4ECE00019974 /* Build configuration list for PBXNativeTarget "GourmetEgypt_Swift" */ = {
			isa = XCConfigurationList;
			buildConfigurations = (
				120B1EE81EAF4ECE00019974 /* Debug */,
				120B1EE91EAF4ECE00019974 /* Release */,
			);
			defaultConfigurationIsVisible = 0;
			defaultConfigurationName = Release;
		};
		120B1EEA1EAF4ECE00019974 /* Build configuration list for PBXNativeTarget "GourmetEgypt_SwiftTests" */ = {
			isa = XCConfigurationList;
			buildConfigurations = (
				120B1EEB1EAF4ECE00019974 /* Debug */,
				120B1EEC1EAF4ECE00019974 /* Release */,
			);
			defaultConfigurationIsVisible = 0;
			defaultConfigurationName = Release;
		};
/* End XCConfigurationList section */
	};
	rootObject = 120B1EBF1EAF4ECD00019974 /* Project object */;
}
